PODS:
  - ffmpeg-kit-ios-https (5.1.LTS)
  - ffmpeg_kit_flutter (5.1.0.LTS):
    - ffmpeg_kit_flutter/https-lts (= 5.1.0.LTS)
    - Flutter
  - ffmpeg_kit_flutter/https-lts (5.1.0.LTS):
    - ffmpeg-kit-ios-https (= 5.1.LTS)
    - Flutter
  - Flutter (1.0.0)
  - permission_handler_apple (9.1.0):
    - Flutter

DEPENDENCIES:
  - ffmpeg_kit_flutter (from `.symlinks/plugins/ffmpeg_kit_flutter/ios`)
  - Flutter (from `Flutter`)
  - permission_handler_apple (from `.symlinks/plugins/permission_handler_apple/ios`)

SPEC REPOS:
  trunk:
    - ffmpeg-kit-ios-https

EXTERNAL SOURCES:
  ffmpeg_kit_flutter:
    :path: ".symlinks/plugins/ffmpeg_kit_flutter/ios"
  Flutter:
    :path: Flutter
  permission_handler_apple:
    :path: ".symlinks/plugins/permission_handler_apple/ios"

SPEC CHECKSUMS:
  ffmpeg-kit-ios-https: 9e50ffa7eaa6272a0021829e054ef241f2ecffb2
  ffmpeg_kit_flutter: fb5bee3a6038231463ee99e30f97a5763e0ae40f
  Flutter: f04841e97a9d0b0a8025694d0796dd46242b2854
  permission_handler_apple: 8f116445eff3c0e7c65ad60f5fef5490aa94b4e4

PODFILE CHECKSUM: 70d9d25280d0dd177a5f637cdb0f0b0b12c6a189

COCOAPODS: 1.12.1
